// !$*UTF8*$!
{
	archiveVersion = 1;
	classes = {
	};
	objectVersion = 48;
	objects = {

/* Begin PBXBuildFile section */
		726CDCCC209749300081F79F /* AppDelegate.swift in Sources */ = {isa = PBXBuildFile; fileRef = 726CDCCB209749300081F79F /* AppDelegate.swift */; };
		726CDCCE209749300081F79F /* MealViewController.swift in Sources */ = {isa = PBXBuildFile; fileRef = 726CDCCD209749300081F79F /* MealViewController.swift */; };
		726CDCD1209749300081F79F /* Main.storyboard in Resources */ = {isa = PBXBuildFile; fileRef = 726CDCCF209749300081F79F /* Main.storyboard */; };
		726CDCD6209749300081F79F /* LaunchScreen.storyboard in Resources */ = {isa = PBXBuildFile; fileRef = 726CDCD4209749300081F79F /* LaunchScreen.storyboard */; };
		726CDCE1209749310081F79F /* FoodTrackerTests.swift in Sources */ = {isa = PBXBuildFile; fileRef = 726CDCE0209749310081F79F /* FoodTrackerTests.swift */; };
		727DFD2920A3336500AFD36B /* loginViewController.swift in Sources */ = {isa = PBXBuildFile; fileRef = 727DFD2820A3336500AFD36B /* loginViewController.swift */; };
		7287F31020A1983900CB5CBB /* RatingControl.swift in Sources */ = {isa = PBXBuildFile; fileRef = 7287F30F20A1983900CB5CBB /* RatingControl.swift */; };
		72BF273320A1C31B00EFFE16 /* Meal.swift in Sources */ = {isa = PBXBuildFile; fileRef = 72BF273220A1C31B00EFFE16 /* Meal.swift */; };
		72BF273520A1CE8600EFFE16 /* MealTableViewCell.swift in Sources */ = {isa = PBXBuildFile; fileRef = 72BF273420A1CE8600EFFE16 /* MealTableViewCell.swift */; };
		72BF273720A1D47400EFFE16 /* Assets.xcassets in Resources */ = {isa = PBXBuildFile; fileRef = 72BF273620A1D47300EFFE16 /* Assets.xcassets */; };
		72BF273920A1D6C900EFFE16 /* MealTableViewController.swift in Sources */ = {isa = PBXBuildFile; fileRef = 72BF273820A1D6C900EFFE16 /* MealTableViewController.swift */; };
		72BF274120A3194D00EFFE16 /* NirKxMenu.m in Sources */ = {isa = PBXBuildFile; fileRef = 72BF274020A3194D00EFFE16 /* NirKxMenu.m */; };
/* End PBXBuildFile section */

/* Begin PBXContainerItemProxy section */
		726CDCDD209749310081F79F /* PBXContainerItemProxy */ = {
			isa = PBXContainerItemProxy;
			containerPortal = 726CDCC0209749300081F79F /* Project object */;
			proxyType = 1;
			remoteGlobalIDString = 726CDCC7209749300081F79F;
			remoteInfo = FoodTracker;
		};
/* End PBXContainerItemProxy section */

/* Begin PBXFileReference section */
		726CDCC8209749300081F79F /* FoodTracker.app */ = {isa = PBXFileReference; explicitFileType = wrapper.application; includeInIndex = 0; path = FoodTracker.app; sourceTree = BUILT_PRODUCTS_DIR; };
		726CDCCB209749300081F79F /* AppDelegate.swift */ = {isa = PBXFileReference; lastKnownFileType = sourcecode.swift; path = AppDelegate.swift; sourceTree = "<group>"; };
		726CDCCD209749300081F79F /* MealViewController.swift */ = {isa = PBXFileReference; lastKnownFileType = sourcecode.swift; path = MealViewController.swift; sourceTree = "<group>"; };
		726CDCD0209749300081F79F /* Base */ = {isa = PBXFileReference; lastKnownFileType = file.storyboard; name = Base; path = Base.lproj/Main.storyboard; sourceTree = "<group>"; };
		726CDCD5209749300081F79F /* Base */ = {isa = PBXFileReference; lastKnownFileType = file.storyboard; name = Base; path = Base.lproj/LaunchScreen.storyboard; sourceTree = "<group>"; };
		726CDCD7209749300081F79F /* Info.plist */ = {isa = PBXFileReference; lastKnownFileType = text.plist.xml; path = Info.plist; sourceTree = "<group>"; };
		726CDCDC209749310081F79F /* FoodTrackerTests.xctest */ = {isa = PBXFileReference; explicitFileType = wrapper.cfbundle; includeInIndex = 0; path = FoodTrackerTests.xctest; sourceTree = BUILT_PRODUCTS_DIR; };
		726CDCE0209749310081F79F /* FoodTrackerTests.swift */ = {isa = PBXFileReference; lastKnownFileType = sourcecode.swift; path = FoodTrackerTests.swift; sourceTree = "<group>"; };
		726CDCE2209749310081F79F /* Info.plist */ = {isa = PBXFileReference; lastKnownFileType = text.plist.xml; path = Info.plist; sourceTree = "<group>"; };
		727DFD2820A3336500AFD36B /* loginViewController.swift */ = {isa = PBXFileReference; lastKnownFileType = sourcecode.swift; path = loginViewController.swift; sourceTree = "<group>"; };
		7287F30F20A1983900CB5CBB /* RatingControl.swift */ = {isa = PBXFileReference; lastKnownFileType = sourcecode.swift; path = RatingControl.swift; sourceTree = "<group>"; };
		72BF273220A1C31B00EFFE16 /* Meal.swift */ = {isa = PBXFileReference; lastKnownFileType = sourcecode.swift; path = Meal.swift; sourceTree = "<group>"; };
		72BF273420A1CE8600EFFE16 /* MealTableViewCell.swift */ = {isa = PBXFileReference; lastKnownFileType = sourcecode.swift; path = MealTableViewCell.swift; sourceTree = "<group>"; };
		72BF273620A1D47300EFFE16 /* Assets.xcassets */ = {isa = PBXFileReference; lastKnownFileType = folder.assetcatalog; path = Assets.xcassets; sourceTree = "<group>"; };
		72BF273820A1D6C900EFFE16 /* MealTableViewController.swift */ = {isa = PBXFileReference; lastKnownFileType = sourcecode.swift; path = MealTableViewController.swift; sourceTree = "<group>"; };
		72BF273E20A3194C00EFFE16 /* FoodTracker-Bridging-Header.h */ = {isa = PBXFileReference; lastKnownFileType = sourcecode.c.h; path = "FoodTracker-Bridging-Header.h"; sourceTree = "<group>"; };
		72BF273F20A3194D00EFFE16 /* NirKxMenu.h */ = {isa = PBXFileReference; fileEncoding = 4; lastKnownFileType = sourcecode.c.h; path = NirKxMenu.h; sourceTree = "<group>"; };
		72BF274020A3194D00EFFE16 /* NirKxMenu.m */ = {isa = PBXFileReference; fileEncoding = 4; lastKnownFileType = sourcecode.c.objc; path = NirKxMenu.m; sourceTree = "<group>"; };
/* End PBXFileReference section */

/* Begin PBXFrameworksBuildPhase section */
		726CDCC5209749300081F79F /* Frameworks */ = {
			isa = PBXFrameworksBuildPhase;
			buildActionMask = 2147483647;
			files = (
			);
			runOnlyForDeploymentPostprocessing = 0;
		};
		726CDCD9209749310081F79F /* Frameworks */ = {
			isa = PBXFrameworksBuildPhase;
			buildActionMask = 2147483647;
			files = (
			);
			runOnlyForDeploymentPostprocessing = 0;
		};
/* End PBXFrameworksBuildPhase section */

/* Begin PBXGroup section */
		726CDCBF209749300081F79F = {
			isa = PBXGroup;
			children = (
				726CDCCA209749300081F79F /* FoodTracker */,
				726CDCDF209749310081F79F /* FoodTrackerTests */,
				726CDCC9209749300081F79F /* Products */,
			);
			sourceTree = "<group>";
		};
		726CDCC9209749300081F79F /* Products */ = {
			isa = PBXGroup;
			children = (
				726CDCC8209749300081F79F /* FoodTracker.app */,
				726CDCDC209749310081F79F /* FoodTrackerTests.xctest */,
			);
			name = Products;
			sourceTree = "<group>";
		};
		726CDCCA209749300081F79F /* FoodTracker */ = {
			isa = PBXGroup;
			children = (
				72BF273F20A3194D00EFFE16 /* NirKxMenu.h */,
				72BF274020A3194D00EFFE16 /* NirKxMenu.m */,
				72BF273620A1D47300EFFE16 /* Assets.xcassets */,
				72BF273820A1D6C900EFFE16 /* MealTableViewController.swift */,
				726CDCCB209749300081F79F /* AppDelegate.swift */,
				726CDCCD209749300081F79F /* MealViewController.swift */,
				72BF273220A1C31B00EFFE16 /* Meal.swift */,
				726CDCCF209749300081F79F /* Main.storyboard */,
				727DFD2820A3336500AFD36B /* loginViewController.swift */,
				72BF273420A1CE8600EFFE16 /* MealTableViewCell.swift */,
				726CDCD4209749300081F79F /* LaunchScreen.storyboard */,
				726CDCD7209749300081F79F /* Info.plist */,
				7287F30F20A1983900CB5CBB /* RatingControl.swift */,
				72BF273E20A3194C00EFFE16 /* FoodTracker-Bridging-Header.h */,
			);
			path = FoodTracker;
			sourceTree = "<group>";
		};
		726CDCDF209749310081F79F /* FoodTrackerTests */ = {
			isa = PBXGroup;
			children = (
				726CDCE0209749310081F79F /* FoodTrackerTests.swift */,
				726CDCE2209749310081F79F /* Info.plist */,
			);
			path = FoodTrackerTests;
			sourceTree = "<group>";
		};
/* End PBXGroup section */

/* Begin PBXNativeTarget section */
		726CDCC7209749300081F79F /* FoodTracker */ = {
			isa = PBXNativeTarget;
			buildConfigurationList = 726CDCE5209749310081F79F /* Build configuration list for PBXNativeTarget "FoodTracker" */;
			buildPhases = (
				726CDCC4209749300081F79F /* Sources */,
				726CDCC5209749300081F79F /* Frameworks */,
				726CDCC6209749300081F79F /* Resources */,
			);
			buildRules = (
			);
			dependencies = (
			);
			name = FoodTracker;
			productName = FoodTracker;
			productReference = 726CDCC8209749300081F79F /* FoodTracker.app */;
			productType = "com.apple.product-type.application";
		};
		726CDCDB209749310081F79F /* FoodTrackerTests */ = {
			isa = PBXNativeTarget;
			buildConfigurationList = 726CDCE8209749310081F79F /* Build configuration list for PBXNativeTarget "FoodTrackerTests" */;
			buildPhases = (
				726CDCD8209749310081F79F /* Sources */,
				726CDCD9209749310081F79F /* Frameworks */,
				726CDCDA209749310081F79F /* Resources */,
			);
			buildRules = (
			);
			dependencies = (
				726CDCDE209749310081F79F /* PBXTargetDependency */,
			);
			name = FoodTrackerTests;
			productName = FoodTrackerTests;
			productReference = 726CDCDC209749310081F79F /* FoodTrackerTests.xctest */;
			productType = "com.apple.product-type.bundle.unit-test";
		};
/* End PBXNativeTarget section */

/* Begin PBXProject section */
		726CDCC0209749300081F79F /* Project object */ = {
			isa = PBXProject;
			attributes = {
				LastSwiftUpdateCheck = 0920;
				LastUpgradeCheck = 0920;
				ORGANIZATIONNAME = Will;
				TargetAttributes = {
					726CDCC7209749300081F79F = {
						CreatedOnToolsVersion = 9.2;
						LastSwiftMigration = 0920;
						ProvisioningStyle = Automatic;
					};
					726CDCDB209749310081F79F = {
						CreatedOnToolsVersion = 9.2;
						ProvisioningStyle = Automatic;
						TestTargetID = 726CDCC7209749300081F79F;
					};
				};
			};
			buildConfigurationList = 726CDCC3209749300081F79F /* Build configuration list for PBXProject "FoodTracker" */;
			compatibilityVersion = "Xcode 8.0";
			developmentRegion = en;
			hasScannedForEncodings = 0;
			knownRegions = (
				en,
				Base,
			);
			mainGroup = 726CDCBF209749300081F79F;
			productRefGroup = 726CDCC9209749300081F79F /* Products */;
			projectDirPath = "";
			projectRoot = "";
			targets = (
				726CDCC7209749300081F79F /* FoodTracker */,
				726CDCDB209749310081F79F /* FoodTrackerTests */,
			);
		};
/* End PBXProject section */

/* Begin PBXResourcesBuildPhase section */
		726CDCC6209749300081F79F /* Resources */ = {
			isa = PBXResourcesBuildPhase;
			buildActionMask = 2147483647;
			files = (
				726CDCD6209749300081F79F /* LaunchScreen.storyboard in Resources */,
				72BF273720A1D47400EFFE16 /* Assets.xcassets in Resources */,
				726CDCD1209749300081F79F /* Main.storyboard in Resources */,
			);
			runOnlyForDeploymentPostprocessing = 0;
		};
		726CDCDA209749310081F79F /* Resources */ = {
			isa = PBXResourcesBuildPhase;
			buildActionMask = 2147483647;
			files = (
			);
			runOnlyForDeploymentPostprocessing = 0;
		};
/* End PBXResourcesBuildPhase section */

/* Begin PBXSourcesBuildPhase section */
		726CDCC4209749300081F79F /* Sources */ = {
			isa = PBXSourcesBuildPhase;
			buildActionMask = 2147483647;
			files = (
				726CDCCE209749300081F79F /* MealViewController.swift in Sources */,
				72BF273320A1C31B00EFFE16 /* Meal.swift in Sources */,
				7287F31020A1983900CB5CBB /* RatingControl.swift in Sources */,
				726CDCCC209749300081F79F /* AppDelegate.swift in Sources */,
				727DFD2920A3336500AFD36B /* loginViewController.swift in Sources */,
				72BF273920A1D6C900EFFE16 /* MealTableViewController.swift in Sources */,
				72BF274120A3194D00EFFE16 /* NirKxMenu.m in Sources */,
				72BF273520A1CE8600EFFE16 /* MealTableViewCell.swift in Sources */,
			);
			runOnlyForDeploymentPostprocessing = 0;
		};
		726CDCD8209749310081F79F /* Sources */ = {
			isa = PBXSourcesBuildPhase;
			buildActionMask = 2147483647;
			files = (
				726CDCE1209749310081F79F /* FoodTrackerTests.swift in Sources */,
			);
			runOnlyForDeploymentPostprocessing = 0;
		};
/* End PBXSourcesBuildPhase section */

/* Begin PBXTargetDependency section */
		726CDCDE209749310081F79F /* PBXTargetDependency */ = {
			isa = PBXTargetDependency;
			target = 726CDCC7209749300081F79F /* FoodTracker */;
			targetProxy = 726CDCDD209749310081F79F /* PBXContainerItemProxy */;
		};
/* End PBXTargetDependency section */

/* Begin PBXVariantGroup section */
		726CDCCF209749300081F79F /* Main.storyboard */ = {
			isa = PBXVariantGroup;
			children = (
				726CDCD0209749300081F79F /* Base */,
			);
			name = Main.storyboard;
			sourceTree = "<group>";
		};
		726CDCD4209749300081F79F /* LaunchScreen.storyboard */ = {
			isa = PBXVariantGroup;
			children = (
				726CDCD5209749300081F79F /* Base */,
			);
			name = LaunchScreen.storyboard;
			sourceTree = "<group>";
		};
/* End PBXVariantGroup section */

/* Begin XCBuildConfiguration section */
		726CDCE3209749310081F79F /* Debug */ = {
			isa = XCBuildConfiguration;
			buildSettings = {
				ALWAYS_SEARCH_USER_PATHS = NO;
				CLANG_ANALYZER_NONNULL = YES;
				CLANG_ANALYZER_NUMBER_OBJECT_CONVERSION = YES_AGGRESSIVE;
				CLANG_CXX_LANGUAGE_STANDARD = "gnu++14";
				CLANG_CXX_LIBRARY = "libc++";
				CLANG_ENABLE_MODULES = YES;
				CLANG_ENABLE_OBJC_ARC = YES;
				CLANG_WARN_BLOCK_CAPTURE_AUTORELEASING = YES;
				CLANG_WARN_BOOL_CONVERSION = YES;
				CLANG_WARN_COMMA = YES;
				CLANG_WARN_CONSTANT_CONVERSION = YES;
				CLANG_WARN_DIRECT_OBJC_ISA_USAGE = YES_ERROR;
				CLANG_WARN_DOCUMENTATION_COMMENTS = YES;
				CLANG_WARN_EMPTY_BODY = YES;
				CLANG_WARN_ENUM_CONVERSION = YES;
				CLANG_WARN_INFINITE_RECURSION = YES;
				CLANG_WARN_INT_CONVERSION = YES;
				CLANG_WARN_NON_LITERAL_NULL_CONVERSION = YES;
				CLANG_WARN_OBJC_LITERAL_CONVERSION = YES;
				CLANG_WARN_OBJC_ROOT_CLASS = YES_ERROR;
				CLANG_WARN_RANGE_LOOP_ANALYSIS = YES;
				CLANG_WARN_STRICT_PROTOTYPES = YES;
				CLANG_WARN_SUSPICIOUS_MOVE = YES;
				CLANG_WARN_UNGUARDED_AVAILABILITY = YES_AGGRESSIVE;
				CLANG_WARN_UNREACHABLE_CODE = YES;
				CLANG_WARN__DUPLICATE_METHOD_MATCH = YES;
				CODE_SIGN_IDENTITY = "iPhone Developer";
				COPY_PHASE_STRIP = NO;
				DEBUG_INFORMATION_FORMAT = dwarf;
				ENABLE_STRICT_OBJC_MSGSEND = YES;
				ENABLE_TESTABILITY = YES;
				GCC_C_LANGUAGE_STANDARD = gnu11;
				GCC_DYNAMIC_NO_PIC = NO;
				GCC_NO_COMMON_BLOCKS = YES;
				GCC_OPTIMIZATION_LEVEL = 0;
				GCC_PREPROCESSOR_DEFINITIONS = (
					"DEBUG=1",
					"$(inherited)",
				);
				GCC_WARN_64_TO_32_BIT_CONVERSION = YES;
				GCC_WARN_ABOUT_RETURN_TYPE = YES_ERROR;
				GCC_WARN_UNDECLARED_SELECTOR = YES;
				GCC_WARN_UNINITIALIZED_AUTOS = YES_AGGRESSIVE;
				GCC_WARN_UNUSED_FUNCTION = YES;
				GCC_WARN_UNUSED_VARIABLE = YES;
				IPHONEOS_DEPLOYMENT_TARGET = 11.2;
				MTL_ENABLE_DEBUG_INFO = YES;
				ONLY_ACTIVE_ARCH = YES;
				SDKROOT = iphoneos;
				SWIFT_ACTIVE_COMPILATION_CONDITIONS = DEBUG;
				SWIFT_OPTIMIZATION_LEVEL = "-Onone";
			};
			name = Debug;
		};
		726CDCE4209749310081F79F /* Release */ = {
			isa = XCBuildConfiguration;
			buildSettings = {
				ALWAYS_SEARCH_USER_PATHS = NO;
				CLANG_ANALYZER_NONNULL = YES;
				CLANG_ANALYZER_NUMBER_OBJECT_CONVERSION = YES_AGGRESSIVE;
				CLANG_CXX_LANGUAGE_STANDARD = "gnu++14";
				CLANG_CXX_LIBRARY = "libc++";
				CLANG_ENABLE_MODULES = YES;
				CLANG_ENABLE_OBJC_ARC = YES;
				CLANG_WARN_BLOCK_CAPTURE_AUTORELEASING = YES;
				CLANG_WARN_BOOL_CONVERSION = YES;
				CLANG_WARN_COMMA = YES;
				CLANG_WARN_CONSTANT_CONVERSION = YES;
				CLANG_WARN_DIRECT_OBJC_ISA_USAGE = YES_ERROR;
				CLANG_WARN_DOCUMENTATION_COMMENTS = YES;
				CLANG_WARN_EMPTY_BODY = YES;
				CLANG_WARN_ENUM_CONVERSION = YES;
				CLANG_WARN_INFINITE_RECURSION = YES;
				CLANG_WARN_INT_CONVERSION = YES;
				CLANG_WARN_NON_LITERAL_NULL_CONVERSION = YES;
				CLANG_WARN_OBJC_LITERAL_CONVERSION = YES;
				CLANG_WARN_OBJC_ROOT_CLASS = YES_ERROR;
				CLANG_WARN_RANGE_LOOP_ANALYSIS = YES;
				CLANG_WARN_STRICT_PROTOTYPES = YES;
				CLANG_WARN_SUSPICIOUS_MOVE = YES;
				CLANG_WARN_UNGUARDED_AVAILABILITY = YES_AGGRESSIVE;
				CLANG_WARN_UNREACHABLE_CODE = YES;
				CLANG_WARN__DUPLICATE_METHOD_MATCH = YES;
				CODE_SIGN_IDENTITY = "iPhone Developer";
				COPY_PHASE_STRIP = NO;
				DEBUG_INFORMATION_FORMAT = "dwarf-with-dsym";
				ENABLE_NS_ASSERTIONS = NO;
				ENABLE_STRICT_OBJC_MSGSEND = YES;
				GCC_C_LANGUAGE_STANDARD = gnu11;
				GCC_NO_COMMON_BLOCKS = YES;
				GCC_WARN_64_TO_32_BIT_CONVERSION = YES;
				GCC_WARN_ABOUT_RETURN_TYPE = YES_ERROR;
				GCC_WARN_UNDECLARED_SELECTOR = YES;
				GCC_WARN_UNINITIALIZED_AUTOS = YES_AGGRESSIVE;
				GCC_WARN_UNUSED_FUNCTION = YES;
				GCC_WARN_UNUSED_VARIABLE = YES;
				IPHONEOS_DEPLOYMENT_TARGET = 11.2;
				MTL_ENABLE_DEBUG_INFO = NO;
				SDKROOT = iphoneos;
				SWIFT_OPTIMIZATION_LEVEL = "-Owholemodule";
				VALIDATE_PRODUCT = YES;
			};
			name = Release;
		};
		726CDCE6209749310081F79F /* Debug */ = {
			isa = XCBuildConfiguration;
			buildSettings = {
				ALWAYS_SEARCH_USER_PATHS = NO;
				ASSETCATALOG_COMPILER_APPICON_NAME = AppIcon;
				CLANG_ENABLE_MODULES = YES;
				CODE_SIGN_STYLE = Automatic;
				DEVELOPMENT_TEAM = E654RV438M;
				INFOPLIST_FILE = FoodTracker/Info.plist;
				LD_RUNPATH_SEARCH_PATHS = "$(inherited) @executable_path/Frameworks $(CONFIGURATION_BUILD_DIR)";
				PRODUCT_BUNDLE_IDENTIFIER = com.will.xxx.FoodTracker;
				PRODUCT_NAME = "$(TARGET_NAME)";
				SWIFT_OBJC_BRIDGING_HEADER = "FoodTracker/FoodTracker-Bridging-Header.h";
				SWIFT_OPTIMIZATION_LEVEL = "-Onone";
				SWIFT_VERSION = 4.0;
				TARGETED_DEVICE_FAMILY = "1,2";
			};
			name = Debug;
		};
		726CDCE7209749310081F79F /* Release */ = {
			isa = XCBuildConfiguration;
			buildSettings = {
				ALWAYS_SEARCH_USER_PATHS = NO;
				ASSETCATALOG_COMPILER_APPICON_NAME = AppIcon;
				CLANG_ENABLE_MODULES = YES;
				CODE_SIGN_STYLE = Automatic;
				DEVELOPMENT_TEAM = E654RV438M;
				INFOPLIST_FILE = FoodTracker/Info.plist;
				LD_RUNPATH_SEARCH_PATHS = "$(inherited) @executable_path/Frameworks $(CONFIGURATION_BUILD_DIR)";
				PRODUCT_BUNDLE_IDENTIFIER = com.will.xxx.FoodTracker;
				PRODUCT_NAME = "$(TARGET_NAME)";
				SWIFT_OBJC_BRIDGING_HEADER = "FoodTracker/FoodTracker-Bridging-Header.h";
				SWIFT_VERSION = 4.0;
				TARGETED_DEVICE_FAMILY = "1,2";
			};
			name = Release;
		};
		726CDCE9209749310081F79F /* Debug */ = {
			isa = XCBuildConfiguration;
			buildSettings = {
				ALWAYS_EMBED_SWIFT_STANDARD_LIBRARIES = YES;
				BUNDLE_LOADER = "$(TEST_HOST)";
				CODE_SIGN_STYLE = Automatic;
				DEVELOPMENT_TEAM = E654RV438M;
				INFOPLIST_FILE = FoodTrackerTests/Info.plist;
				LD_RUNPATH_SEARCH_PATHS = "$(inherited) @executable_path/Frameworks @loader_path/Frameworks";
				PRODUCT_BUNDLE_IDENTIFIER = com.will.xxx.FoodTrackerTests;
				PRODUCT_NAME = "$(TARGET_NAME)";
				SWIFT_VERSION = 4.0;
				TARGETED_DEVICE_FAMILY = "1,2";
				TEST_HOST = "$(BUILT_PRODUCTS_DIR)/FoodTracker.app/FoodTracker";
			};
			name = Debug;
		};
		726CDCEA209749310081F79F /* Release */ = {
			isa = XCBuildConfiguration;
			buildSettings = {
				ALWAYS_EMBED_SWIFT_STANDARD_LIBRARIES = YES;
				BUNDLE_LOADER = "$(TEST_HOST)";
				CODE_SIGN_STYLE = Automatic;
				DEVELOPMENT_TEAM = E654RV438M;
				INFOPLIST_FILE = FoodTrackerTests/Info.plist;
				LD_RUNPATH_SEARCH_PATHS = "$(inherited) @executable_path/Frameworks @loader_path/Frameworks";
				PRODUCT_BUNDLE_IDENTIFIER = com.will.xxx.FoodTrackerTests;
				PRODUCT_NAME = "$(TARGET_NAME)";
				SWIFT_VERSION = 4.0;
				TARGETED_DEVICE_FAMILY = "1,2";
				TEST_HOST = "$(BUILT_PRODUCTS_DIR)/FoodTracker.app/FoodTracker";
			};
			name = Release;
		};
/* End XCBuildConfiguration section */

/* Begin XCConfigurationList section */
		726CDCC3209749300081F79F /* Build configuration list for PBXProject "FoodTracker" */ = {
			isa = XCConfigurationList;
			buildConfigurations = (
				726CDCE3209749310081F79F /* Debug */,
				726CDCE4209749310081F79F /* Release */,
			);
			defaultConfigurationIsVisible = 0;
			defaultConfigurationName = Release;
		};
		726CDCE5209749310081F79F /* Build configuration list for PBXNativeTarget "FoodTracker" */ = {
			isa = XCConfigurationList;
			buildConfigurations = (
				726CDCE6209749310081F79F /* Debug */,
				726CDCE7209749310081F79F /* Release */,
			);
			defaultConfigurationIsVisible = 0;
			defaultConfigurationName = Release;
		};
		726CDCE8209749310081F79F /* Build configuration list for PBXNativeTarget "FoodTrackerTests" */ = {
			isa = XCConfigurationList;
			buildConfigurations = (
				726CDCE9209749310081F79F /* Debug */,
				726CDCEA209749310081F79F /* Release */,
			);
			defaultConfigurationIsVisible = 0;
			defaultConfigurationName = Release;
		};
/* End XCConfigurationList section */
	};
	rootObject = 726CDCC0209749300081F79F /* Project object */;
}
